
Microsoft Visual Studio Solution File, Format Version 11.00
# Visual Studio 2010
Project("{FAE04EC0-301F-11D3-BF4B-00C04F79EFBC}") = "TicketingManagement", "TicketingManagement\TicketingManagement.csproj", "{265DEFD4-D0A9-4AD7-B658-8C6A7E18B457}"
EndProject
Global
	GlobalSection(SolutionConfigurationPlatforms) = preSolution
		Debug|Any CPU = Debug|Any CPU
		Release|Any CPU = Release|Any CPU
	EndGlobalSection
	GlobalSection(ProjectConfigurationPlatforms) = postSolution
		{265DEFD4-D0A9-4AD7-B658-8C6A7E18B457}.Debug|Any CPU.ActiveCfg = Debug|Any CPU
		{265DEFD4-D0A9-4AD7-B658-8C6A7E18B457}.Debug|Any CPU.Build.0 = Debug|Any CPU
		{265DEFD4-D0A9-4AD7-B658-8C6A7E18B457}.Release|Any CPU.ActiveCfg = Release|Any CPU
		{265DEFD4-D0A9-4AD7-B658-8C6A7E18B457}.Release|Any CPU.Build.0 = Release|Any CPU
	EndGlobalSection
	GlobalSection(SolutionProperties) = preSolution
		HideSolutionNode = FALSE
	EndGlobalSection
EndGlobal
